
Microsoft Visual Studio Solution File, Format Version 12.00
# Visual Studio Version 17
VisualStudioVersion = 17.6.33723.286
MinimumVisualStudioVersion = 10.0.40219.1
Project("{888888A0-9F3D-457C-B088-3A5042F75D52}") = "mp1_madeja_secant_method", "mp1_madeja_secant_method\mp1_madeja_secant_method.pyproj", "{1A9A820B-D9F5-4F53-8485-FAC421BD9BF0}"
EndProject
Global
	GlobalSection(SolutionConfigurationPlatforms) = preSolution
		Debug|Any CPU = Debug|Any CPU
		Release|Any CPU = Release|Any CPU
	EndGlobalSection
	GlobalSection(ProjectConfigurationPlatforms) = postSolution
		{1A9A820B-D9F5-4F53-8485-FAC421BD9BF0}.Debug|Any CPU.ActiveCfg = Debug|Any CPU
		{1A9A820B-D9F5-4F53-8485-FAC421BD9BF0}.Release|Any CPU.ActiveCfg = Release|Any CPU
	EndGlobalSection
	GlobalSection(SolutionProperties) = preSolution
		HideSolutionNode = FALSE
	EndGlobalSection
	GlobalSection(ExtensibilityGlobals) = postSolution
		SolutionGuid = {D3E34D1E-4951-4DF4-8FC2-1EAA1E55EAB3}
	EndGlobalSection
EndGlobal
